
Microsoft Visual Studio Solution File, Format Version 12.00
# Visual Studio 2013
VisualStudioVersion = 12.0.31101.0
MinimumVisualStudioVersion = 10.0.40219.1
Project("{F2A71F9B-5D33-465A-A702-920D77279786}") = "Functional-Programming-Using-Fsharp", "Functional-Programming-Using-Fsharp\Functional-Programming-Using-Fsharp.fsproj", "{64140656-2951-44DC-B381-E061AEFECF73}"
EndProject
Global
	GlobalSection(SolutionConfigurationPlatforms) = preSolution
		Debug|Any CPU = Debug|Any CPU
		Release|Any CPU = Release|Any CPU
	EndGlobalSection
	GlobalSection(ProjectConfigurationPlatforms) = postSolution
		{64140656-2951-44DC-B381-E061AEFECF73}.Debug|Any CPU.ActiveCfg = Debug|Any CPU
		{64140656-2951-44DC-B381-E061AEFECF73}.Debug|Any CPU.Build.0 = Debug|Any CPU
		{64140656-2951-44DC-B381-E061AEFECF73}.Release|Any CPU.ActiveCfg = Release|Any CPU
		{64140656-2951-44DC-B381-E061AEFECF73}.Release|Any CPU.Build.0 = Release|Any CPU
	EndGlobalSection
	GlobalSection(SolutionProperties) = preSolution
		HideSolutionNode = FALSE
	EndGlobalSection
EndGlobal
